
Microsoft Visual Studio Solution File, Format Version 12.00
# Visual Studio Version 17
VisualStudioVersion = 17.5.33424.131
MinimumVisualStudioVersion = 10.0.40219.1
Project("{888888A0-9F3D-457C-B088-3A5042F75D52}") = "EST2Lab01SACM1164622", "EST2Lab01SACM1164622\EST2Lab01SACM1164622.pyproj", "{D87343BE-5977-44C1-997E-ABC1476723A8}"
EndProject
Global
	GlobalSection(SolutionConfigurationPlatforms) = preSolution
		Debug|Any CPU = Debug|Any CPU
		Release|Any CPU = Release|Any CPU
	EndGlobalSection
	GlobalSection(ProjectConfigurationPlatforms) = postSolution
		{D87343BE-5977-44C1-997E-ABC1476723A8}.Debug|Any CPU.ActiveCfg = Debug|Any CPU
		{D87343BE-5977-44C1-997E-ABC1476723A8}.Release|Any CPU.ActiveCfg = Release|Any CPU
	EndGlobalSection
	GlobalSection(SolutionProperties) = preSolution
		HideSolutionNode = FALSE
	EndGlobalSection
	GlobalSection(ExtensibilityGlobals) = postSolution
		SolutionGuid = {9883DD1C-11C9-4E98-97C2-58EFCDC47BEF}
	EndGlobalSection
EndGlobal
